
Microsoft Visual Studio Solution File, Format Version 12.00
# Visual Studio Version 17
VisualStudioVersion = 17.10.35027.167
MinimumVisualStudioVersion = 10.0.40219.1
Project("{FAE04EC0-301F-11D3-BF4B-00C04F79EFBC}") = "GenScriptTool", "GenScriptTool\GenScriptTool.csproj", "{5341CD41-BB15-4993-86C1-9E24D2777710}"
EndProject
Global
	GlobalSection(SolutionConfigurationPlatforms) = preSolution
		Debug|Any CPU = Debug|Any CPU
		Release|Any CPU = Release|Any CPU
	EndGlobalSection
	GlobalSection(ProjectConfigurationPlatforms) = postSolution
		{5341CD41-BB15-4993-86C1-9E24D2777710}.Debug|Any CPU.ActiveCfg = Debug|Any CPU
		{5341CD41-BB15-4993-86C1-9E24D2777710}.Debug|Any CPU.Build.0 = Debug|Any CPU
		{5341CD41-BB15-4993-86C1-9E24D2777710}.Release|Any CPU.ActiveCfg = Release|Any CPU
		{5341CD41-BB15-4993-86C1-9E24D2777710}.Release|Any CPU.Build.0 = Release|Any CPU
	EndGlobalSection
	GlobalSection(SolutionProperties) = preSolution
		HideSolutionNode = FALSE
	EndGlobalSection
	GlobalSection(ExtensibilityGlobals) = postSolution
		SolutionGuid = {0E7924F5-BBD2-442B-A2AD-2B62E156D195}
	EndGlobalSection
EndGlobal
